
Microsoft Visual Studio Solution File, Format Version 12.00
# Visual Studio 2013
VisualStudioVersion = 12.0.31101.0
MinimumVisualStudioVersion = 10.0.40219.1
Project("{FAE04EC0-301F-11D3-BF4B-00C04F79EFBC}") = "NoAnalyticsDB", "NoAnalyticsDB\NoAnalyticsDB.csproj", "{4BCE8F21-4C6A-40B8-904F-76AD81F54446}"
EndProject
Project("{FAE04EC0-301F-11D3-BF4B-00C04F79EFBC}") = "PersistAnalyticsData", "PersistAnalyticsData\PersistAnalyticsData.csproj", "{B0A123AA-FFF0-4DD9-ABE7-F7C29BDABB90}"
EndProject
Global
	GlobalSection(SolutionConfigurationPlatforms) = preSolution
		Debug|Any CPU = Debug|Any CPU
		Release|Any CPU = Release|Any CPU
	EndGlobalSection
	GlobalSection(ProjectConfigurationPlatforms) = postSolution
		{4BCE8F21-4C6A-40B8-904F-76AD81F54446}.Debug|Any CPU.ActiveCfg = Debug|Any CPU
		{4BCE8F21-4C6A-40B8-904F-76AD81F54446}.Debug|Any CPU.Build.0 = Debug|Any CPU
		{4BCE8F21-4C6A-40B8-904F-76AD81F54446}.Release|Any CPU.ActiveCfg = Release|Any CPU
		{4BCE8F21-4C6A-40B8-904F-76AD81F54446}.Release|Any CPU.Build.0 = Release|Any CPU
		{B0A123AA-FFF0-4DD9-ABE7-F7C29BDABB90}.Debug|Any CPU.ActiveCfg = Debug|Any CPU
		{B0A123AA-FFF0-4DD9-ABE7-F7C29BDABB90}.Debug|Any CPU.Build.0 = Debug|Any CPU
		{B0A123AA-FFF0-4DD9-ABE7-F7C29BDABB90}.Release|Any CPU.ActiveCfg = Release|Any CPU
		{B0A123AA-FFF0-4DD9-ABE7-F7C29BDABB90}.Release|Any CPU.Build.0 = Release|Any CPU
	EndGlobalSection
	GlobalSection(SolutionProperties) = preSolution
		HideSolutionNode = FALSE
	EndGlobalSection
EndGlobal
